// !$*UTF8*$!
{
	archiveVersion = 1;
	classes = {
	};
	objectVersion = 56;
	objects = {

/* Begin PBXBuildFile section */
		2702DC142B14AFA900F1491D /* TrackersEmptyView.swift in Sources */ = {isa = PBXBuildFile; fileRef = 2702DC132B14AFA900F1491D /* TrackersEmptyView.swift */; };
		27097B082B88A4FA00064E89 /* TrackerModel.xcdatamodeld in Sources */ = {isa = PBXBuildFile; fileRef = 27097B062B88A4FA00064E89 /* TrackerModel.xcdatamodeld */; };
		27097B0B2B88AA0F00064E89 /* TrackerStore.swift in Sources */ = {isa = PBXBuildFile; fileRef = 27097B0A2B88AA0F00064E89 /* TrackerStore.swift */; };
		27097B0D2B88AA1D00064E89 /* TrackerCategoryStore.swift in Sources */ = {isa = PBXBuildFile; fileRef = 27097B0C2B88AA1D00064E89 /* TrackerCategoryStore.swift */; };
		27097B0F2B88AA2800064E89 /* TrackerRecordStore.swift in Sources */ = {isa = PBXBuildFile; fileRef = 27097B0E2B88AA2800064E89 /* TrackerRecordStore.swift */; };
		27097B112B89EE1C00064E89 /* UIColorMarshalling.swift in Sources */ = {isa = PBXBuildFile; fileRef = 27097B102B89EE1C00064E89 /* UIColorMarshalling.swift */; };
		270A9CE72B22EE2C00C0D572 /* ScheduleViewController.swift in Sources */ = {isa = PBXBuildFile; fileRef = 270A9CE62B22EE2C00C0D572 /* ScheduleViewController.swift */; };
		270A9CE92B22F3ED00C0D572 /* ScheduleCell.swift in Sources */ = {isa = PBXBuildFile; fileRef = 270A9CE82B22F3ED00C0D572 /* ScheduleCell.swift */; };
		271F16392B91FC6600AB3645 /* OnboardingPageViewController.swift in Sources */ = {isa = PBXBuildFile; fileRef = 271F16382B91FC6600AB3645 /* OnboardingPageViewController.swift */; };
		2720D2302B4EFCA400C2A0C9 /* TrackerNotFoundedView.swift in Sources */ = {isa = PBXBuildFile; fileRef = 2720D22F2B4EFCA400C2A0C9 /* TrackerNotFoundedView.swift */; };
		275758E72B301EAA00718728 /* CreateHabitCell.swift in Sources */ = {isa = PBXBuildFile; fileRef = 275758E52B301EAA00718728 /* CreateHabitCell.swift */; };
		275758E82B301EAA00718728 /* CreateHabitViewController.swift in Sources */ = {isa = PBXBuildFile; fileRef = 275758E62B301EAA00718728 /* CreateHabitViewController.swift */; };
		276B76592B95EC1C0067EB05 /* OnboardingViewController.swift in Sources */ = {isa = PBXBuildFile; fileRef = 276B76582B95EC1C0067EB05 /* OnboardingViewController.swift */; };
		276B765C2B95F7060067EB05 /* CategoriesViewController.swift in Sources */ = {isa = PBXBuildFile; fileRef = 276B765B2B95F7060067EB05 /* CategoriesViewController.swift */; };
		276B765E2B95F8550067EB05 /* CategoryNotFoundedView.swift in Sources */ = {isa = PBXBuildFile; fileRef = 276B765D2B95F8550067EB05 /* CategoryNotFoundedView.swift */; };
		276B76602B95FAB20067EB05 /* CategoryCell.swift in Sources */ = {isa = PBXBuildFile; fileRef = 276B765F2B95FAB20067EB05 /* CategoryCell.swift */; };
		276B76622B96EE6E0067EB05 /* CategoriesViewModel.swift in Sources */ = {isa = PBXBuildFile; fileRef = 276B76612B96EE6E0067EB05 /* CategoriesViewModel.swift */; };
		276B76642B97098E0067EB05 /* AddCategoryViewController.swift in Sources */ = {isa = PBXBuildFile; fileRef = 276B76632B97098E0067EB05 /* AddCategoryViewController.swift */; };
		27827DE12B14E891002741CC /* TrackerHeaderView.swift in Sources */ = {isa = PBXBuildFile; fileRef = 27827DE02B14E891002741CC /* TrackerHeaderView.swift */; };
		27936A382B120AEA00514242 /* Tracker.swift in Sources */ = {isa = PBXBuildFile; fileRef = 27936A372B120AEA00514242 /* Tracker.swift */; };
		27936A3A2B120B0600514242 /* TrackerCategory.swift in Sources */ = {isa = PBXBuildFile; fileRef = 27936A392B120B0600514242 /* TrackerCategory.swift */; };
		27936A3C2B120B2900514242 /* TrackerRecord.swift in Sources */ = {isa = PBXBuildFile; fileRef = 27936A3B2B120B2900514242 /* TrackerRecord.swift */; };
		27A24ED32B1B946500657C78 /* ChooseTrackerViewController.swift in Sources */ = {isa = PBXBuildFile; fileRef = 27A24ED22B1B946500657C78 /* ChooseTrackerViewController.swift */; };
		27A24ED72B1B9E0700657C78 /* IrregularEventViewController.swift in Sources */ = {isa = PBXBuildFile; fileRef = 27A24ED62B1B9E0700657C78 /* IrregularEventViewController.swift */; };
		27A9BDEB2B5A5E9E00F3BDAA /* ColorCell.swift in Sources */ = {isa = PBXBuildFile; fileRef = 27A9BDEA2B5A5E9E00F3BDAA /* ColorCell.swift */; };
		27A9BDED2B5A5EF300F3BDAA /* ColorHeader.swift in Sources */ = {isa = PBXBuildFile; fileRef = 27A9BDEC2B5A5EF300F3BDAA /* ColorHeader.swift */; };
		27A9BDF02B5A9B7200F3BDAA /* AppColor.swift in Sources */ = {isa = PBXBuildFile; fileRef = 27A9BDEF2B5A9B7200F3BDAA /* AppColor.swift */; };
		27AA2B072B0F8D7A0073F156 /* AppDelegate.swift in Sources */ = {isa = PBXBuildFile; fileRef = 27AA2B062B0F8D7A0073F156 /* AppDelegate.swift */; };
		27AA2B092B0F8D7A0073F156 /* SceneDelegate.swift in Sources */ = {isa = PBXBuildFile; fileRef = 27AA2B082B0F8D7A0073F156 /* SceneDelegate.swift */; };
		27AA2B0B2B0F8D7A0073F156 /* TrackersViewController.swift in Sources */ = {isa = PBXBuildFile; fileRef = 27AA2B0A2B0F8D7A0073F156 /* TrackersViewController.swift */; };
		27AA2B102B0F8D7C0073F156 /* Assets.xcassets in Resources */ = {isa = PBXBuildFile; fileRef = 27AA2B0F2B0F8D7C0073F156 /* Assets.xcassets */; };
		27AA2B132B0F8D7C0073F156 /* LaunchScreen.storyboard in Resources */ = {isa = PBXBuildFile; fileRef = 27AA2B112B0F8D7C0073F156 /* LaunchScreen.storyboard */; };
		27AA2B1B2B0F97D20073F156 /* MainTabBarViewController.swift in Sources */ = {isa = PBXBuildFile; fileRef = 27AA2B1A2B0F97D20073F156 /* MainTabBarViewController.swift */; };
		27AA2B1F2B0F97FD0073F156 /* TabItem.swift in Sources */ = {isa = PBXBuildFile; fileRef = 27AA2B1E2B0F97FD0073F156 /* TabItem.swift */; };
		27AA2B212B0F99EE0073F156 /* StatisticsViewController.swift in Sources */ = {isa = PBXBuildFile; fileRef = 27AA2B202B0F99EE0073F156 /* StatisticsViewController.swift */; };
		27AA2B272B10C9F70073F156 /* SnapKit in Frameworks */ = {isa = PBXBuildFile; productRef = 27AA2B262B10C9F70073F156 /* SnapKit */; };
		27AA2B292B10C9F70073F156 /* SnapKit-Dynamic in Frameworks */ = {isa = PBXBuildFile; productRef = 27AA2B282B10C9F70073F156 /* SnapKit-Dynamic */; };
		27C07F1F2B13879600FBFBEC /* TrackersCell.swift in Sources */ = {isa = PBXBuildFile; fileRef = 27C07F1E2B13879600FBFBEC /* TrackersCell.swift */; };
		27C58C482B5923C200AE2380 /* EmojiCell.swift in Sources */ = {isa = PBXBuildFile; fileRef = 27C58C472B5923C200AE2380 /* EmojiCell.swift */; };
		27C58C4C2B594BB100AE2380 /* EmojiHeader.swift in Sources */ = {isa = PBXBuildFile; fileRef = 27C58C4B2B594BB100AE2380 /* EmojiHeader.swift */; };
		27E97A322B4D40C00086A42D /* DataManager.swift in Sources */ = {isa = PBXBuildFile; fileRef = 27E97A312B4D40C00086A42D /* DataManager.swift */; };
/* End PBXBuildFile section */

/* Begin PBXFileReference section */
		2702DC132B14AFA900F1491D /* TrackersEmptyView.swift */ = {isa = PBXFileReference; lastKnownFileType = sourcecode.swift; path = TrackersEmptyView.swift; sourceTree = "<group>"; };
		27097B072B88A4FA00064E89 /* TrackerModel.xcdatamodel */ = {isa = PBXFileReference; lastKnownFileType = wrapper.xcdatamodel; path = TrackerModel.xcdatamodel; sourceTree = "<group>"; };
		27097B0A2B88AA0F00064E89 /* TrackerStore.swift */ = {isa = PBXFileReference; lastKnownFileType = sourcecode.swift; path = TrackerStore.swift; sourceTree = "<group>"; };
		27097B0C2B88AA1D00064E89 /* TrackerCategoryStore.swift */ = {isa = PBXFileReference; lastKnownFileType = sourcecode.swift; path = TrackerCategoryStore.swift; sourceTree = "<group>"; };
		27097B0E2B88AA2800064E89 /* TrackerRecordStore.swift */ = {isa = PBXFileReference; lastKnownFileType = sourcecode.swift; path = TrackerRecordStore.swift; sourceTree = "<group>"; };
		27097B102B89EE1C00064E89 /* UIColorMarshalling.swift */ = {isa = PBXFileReference; lastKnownFileType = sourcecode.swift; path = UIColorMarshalling.swift; sourceTree = "<group>"; };
		270A9CE62B22EE2C00C0D572 /* ScheduleViewController.swift */ = {isa = PBXFileReference; lastKnownFileType = sourcecode.swift; path = ScheduleViewController.swift; sourceTree = "<group>"; };
		270A9CE82B22F3ED00C0D572 /* ScheduleCell.swift */ = {isa = PBXFileReference; lastKnownFileType = sourcecode.swift; path = ScheduleCell.swift; sourceTree = "<group>"; };
		271F16382B91FC6600AB3645 /* OnboardingPageViewController.swift */ = {isa = PBXFileReference; lastKnownFileType = sourcecode.swift; path = OnboardingPageViewController.swift; sourceTree = "<group>"; };
		2720D22F2B4EFCA400C2A0C9 /* TrackerNotFoundedView.swift */ = {isa = PBXFileReference; lastKnownFileType = sourcecode.swift; path = TrackerNotFoundedView.swift; sourceTree = "<group>"; };
		275758E52B301EAA00718728 /* CreateHabitCell.swift */ = {isa = PBXFileReference; fileEncoding = 4; lastKnownFileType = sourcecode.swift; path = CreateHabitCell.swift; sourceTree = "<group>"; };
		275758E62B301EAA00718728 /* CreateHabitViewController.swift */ = {isa = PBXFileReference; fileEncoding = 4; lastKnownFileType = sourcecode.swift; path = CreateHabitViewController.swift; sourceTree = "<group>"; };
		276B76582B95EC1C0067EB05 /* OnboardingViewController.swift */ = {isa = PBXFileReference; lastKnownFileType = sourcecode.swift; path = OnboardingViewController.swift; sourceTree = "<group>"; };
		276B765B2B95F7060067EB05 /* CategoriesViewController.swift */ = {isa = PBXFileReference; lastKnownFileType = sourcecode.swift; path = CategoriesViewController.swift; sourceTree = "<group>"; };
		276B765D2B95F8550067EB05 /* CategoryNotFoundedView.swift */ = {isa = PBXFileReference; lastKnownFileType = sourcecode.swift; path = CategoryNotFoundedView.swift; sourceTree = "<group>"; };
		276B765F2B95FAB20067EB05 /* CategoryCell.swift */ = {isa = PBXFileReference; lastKnownFileType = sourcecode.swift; path = CategoryCell.swift; sourceTree = "<group>"; };
		276B76612B96EE6E0067EB05 /* CategoriesViewModel.swift */ = {isa = PBXFileReference; lastKnownFileType = sourcecode.swift; path = CategoriesViewModel.swift; sourceTree = "<group>"; };
		276B76632B97098E0067EB05 /* AddCategoryViewController.swift */ = {isa = PBXFileReference; lastKnownFileType = sourcecode.swift; path = AddCategoryViewController.swift; sourceTree = "<group>"; };
		27827DE02B14E891002741CC /* TrackerHeaderView.swift */ = {isa = PBXFileReference; lastKnownFileType = sourcecode.swift; path = TrackerHeaderView.swift; sourceTree = "<group>"; };
		27936A372B120AEA00514242 /* Tracker.swift */ = {isa = PBXFileReference; lastKnownFileType = sourcecode.swift; path = Tracker.swift; sourceTree = "<group>"; };
		27936A392B120B0600514242 /* TrackerCategory.swift */ = {isa = PBXFileReference; lastKnownFileType = sourcecode.swift; path = TrackerCategory.swift; sourceTree = "<group>"; };
		27936A3B2B120B2900514242 /* TrackerRecord.swift */ = {isa = PBXFileReference; lastKnownFileType = sourcecode.swift; path = TrackerRecord.swift; sourceTree = "<group>"; };
		27A24ED22B1B946500657C78 /* ChooseTrackerViewController.swift */ = {isa = PBXFileReference; lastKnownFileType = sourcecode.swift; path = ChooseTrackerViewController.swift; sourceTree = "<group>"; };
		27A24ED62B1B9E0700657C78 /* IrregularEventViewController.swift */ = {isa = PBXFileReference; lastKnownFileType = sourcecode.swift; path = IrregularEventViewController.swift; sourceTree = "<group>"; };
		27A9BDEA2B5A5E9E00F3BDAA /* ColorCell.swift */ = {isa = PBXFileReference; lastKnownFileType = sourcecode.swift; path = ColorCell.swift; sourceTree = "<group>"; };
		27A9BDEC2B5A5EF300F3BDAA /* ColorHeader.swift */ = {isa = PBXFileReference; lastKnownFileType = sourcecode.swift; path = ColorHeader.swift; sourceTree = "<group>"; };
		27A9BDEF2B5A9B7200F3BDAA /* AppColor.swift */ = {isa = PBXFileReference; lastKnownFileType = sourcecode.swift; path = AppColor.swift; sourceTree = "<group>"; };
		27AA2B032B0F8D7A0073F156 /* Tracker.app */ = {isa = PBXFileReference; explicitFileType = wrapper.application; includeInIndex = 0; path = Tracker.app; sourceTree = BUILT_PRODUCTS_DIR; };
		27AA2B062B0F8D7A0073F156 /* AppDelegate.swift */ = {isa = PBXFileReference; lastKnownFileType = sourcecode.swift; path = AppDelegate.swift; sourceTree = "<group>"; };
		27AA2B082B0F8D7A0073F156 /* SceneDelegate.swift */ = {isa = PBXFileReference; lastKnownFileType = sourcecode.swift; path = SceneDelegate.swift; sourceTree = "<group>"; };
		27AA2B0A2B0F8D7A0073F156 /* TrackersViewController.swift */ = {isa = PBXFileReference; lastKnownFileType = sourcecode.swift; path = TrackersViewController.swift; sourceTree = "<group>"; };
		27AA2B0F2B0F8D7C0073F156 /* Assets.xcassets */ = {isa = PBXFileReference; lastKnownFileType = folder.assetcatalog; path = Assets.xcassets; sourceTree = "<group>"; };
		27AA2B122B0F8D7C0073F156 /* Base */ = {isa = PBXFileReference; lastKnownFileType = file.storyboard; name = Base; path = Base.lproj/LaunchScreen.storyboard; sourceTree = "<group>"; };
		27AA2B142B0F8D7C0073F156 /* Info.plist */ = {isa = PBXFileReference; lastKnownFileType = text.plist.xml; path = Info.plist; sourceTree = "<group>"; };
		27AA2B1A2B0F97D20073F156 /* MainTabBarViewController.swift */ = {isa = PBXFileReference; lastKnownFileType = sourcecode.swift; path = MainTabBarViewController.swift; sourceTree = "<group>"; };
		27AA2B1E2B0F97FD0073F156 /* TabItem.swift */ = {isa = PBXFileReference; lastKnownFileType = sourcecode.swift; path = TabItem.swift; sourceTree = "<group>"; };
		27AA2B202B0F99EE0073F156 /* StatisticsViewController.swift */ = {isa = PBXFileReference; lastKnownFileType = sourcecode.swift; path = StatisticsViewController.swift; sourceTree = "<group>"; };
		27C07F1E2B13879600FBFBEC /* TrackersCell.swift */ = {isa = PBXFileReference; lastKnownFileType = sourcecode.swift; path = TrackersCell.swift; sourceTree = "<group>"; };
		27C58C472B5923C200AE2380 /* EmojiCell.swift */ = {isa = PBXFileReference; lastKnownFileType = sourcecode.swift; path = EmojiCell.swift; sourceTree = "<group>"; };
		27C58C4B2B594BB100AE2380 /* EmojiHeader.swift */ = {isa = PBXFileReference; lastKnownFileType = sourcecode.swift; path = EmojiHeader.swift; sourceTree = "<group>"; };
		27E97A312B4D40C00086A42D /* DataManager.swift */ = {isa = PBXFileReference; lastKnownFileType = sourcecode.swift; path = DataManager.swift; sourceTree = "<group>"; };
/* End PBXFileReference section */

/* Begin PBXFrameworksBuildPhase section */
		27AA2B002B0F8D7A0073F156 /* Frameworks */ = {
			isa = PBXFrameworksBuildPhase;
			buildActionMask = 2147483647;
			files = (
				27AA2B272B10C9F70073F156 /* SnapKit in Frameworks */,
				27AA2B292B10C9F70073F156 /* SnapKit-Dynamic in Frameworks */,
			);
			runOnlyForDeploymentPostprocessing = 0;
		};
/* End PBXFrameworksBuildPhase section */

/* Begin PBXGroup section */
		2702DC152B14B19500F1491D /* Model */ = {
			isa = PBXGroup;
			children = (
				27936A372B120AEA00514242 /* Tracker.swift */,
				27936A3B2B120B2900514242 /* TrackerRecord.swift */,
				27936A392B120B0600514242 /* TrackerCategory.swift */,
			);
			path = Model;
			sourceTree = "<group>";
		};
		2702DC162B14B1A600F1491D /* View */ = {
			isa = PBXGroup;
			children = (
				27C07F1E2B13879600FBFBEC /* TrackersCell.swift */,
				2702DC132B14AFA900F1491D /* TrackersEmptyView.swift */,
				2720D22F2B4EFCA400C2A0C9 /* TrackerNotFoundedView.swift */,
				27AA2B0A2B0F8D7A0073F156 /* TrackersViewController.swift */,
				27827DE02B14E891002741CC /* TrackerHeaderView.swift */,
			);
			path = View;
			sourceTree = "<group>";
		};
		2702DC172B14B22900F1491D /* Statistics */ = {
			isa = PBXGroup;
			children = (
				27AA2B202B0F99EE0073F156 /* StatisticsViewController.swift */,
			);
			path = Statistics;
			sourceTree = "<group>";
		};
		27097B052B88A4E300064E89 /* CoreData */ = {
			isa = PBXGroup;
			children = (
				27097B062B88A4FA00064E89 /* TrackerModel.xcdatamodeld */,
			);
			path = CoreData;
			sourceTree = "<group>";
		};
		27097B092B88A9F600064E89 /* Domain */ = {
			isa = PBXGroup;
			children = (
				27097B0A2B88AA0F00064E89 /* TrackerStore.swift */,
				27097B0C2B88AA1D00064E89 /* TrackerCategoryStore.swift */,
				27097B0E2B88AA2800064E89 /* TrackerRecordStore.swift */,
				27E97A312B4D40C00086A42D /* DataManager.swift */,
				27097B102B89EE1C00064E89 /* UIColorMarshalling.swift */,
			);
			path = Domain;
			sourceTree = "<group>";
		};
		270A9CEB2B22F48B00C0D572 /* ChooseTracker */ = {
			isa = PBXGroup;
			children = (
				27A24ED22B1B946500657C78 /* ChooseTrackerViewController.swift */,
			);
			path = ChooseTracker;
			sourceTree = "<group>";
		};
		270A9CEC2B22F4F000C0D572 /* Schedule */ = {
			isa = PBXGroup;
			children = (
				270A9CE62B22EE2C00C0D572 /* ScheduleViewController.swift */,
				270A9CE82B22F3ED00C0D572 /* ScheduleCell.swift */,
			);
			path = Schedule;
			sourceTree = "<group>";
		};
		271F16372B91FB9500AB3645 /* Onboarding */ = {
			isa = PBXGroup;
			children = (
				276B76582B95EC1C0067EB05 /* OnboardingViewController.swift */,
				271F16382B91FC6600AB3645 /* OnboardingPageViewController.swift */,
			);
			path = Onboarding;
			sourceTree = "<group>";
		};
		275758E92B301F1600718728 /* Habit */ = {
			isa = PBXGroup;
			children = (
				275758E52B301EAA00718728 /* CreateHabitCell.swift */,
				275758E62B301EAA00718728 /* CreateHabitViewController.swift */,
				27C58C472B5923C200AE2380 /* EmojiCell.swift */,
				27C58C4B2B594BB100AE2380 /* EmojiHeader.swift */,
				27A9BDEA2B5A5E9E00F3BDAA /* ColorCell.swift */,
				27A9BDEC2B5A5EF300F3BDAA /* ColorHeader.swift */,
			);
			path = Habit;
			sourceTree = "<group>";
		};
		275EEB3B2B308C1700FC3409 /* IrregularEvent */ = {
			isa = PBXGroup;
			children = (
				27A24ED62B1B9E0700657C78 /* IrregularEventViewController.swift */,
			);
			path = IrregularEvent;
			sourceTree = "<group>";
		};
		276B765A2B95F6E60067EB05 /* Categories */ = {
			isa = PBXGroup;
			children = (
				276B76612B96EE6E0067EB05 /* CategoriesViewModel.swift */,
				276B765B2B95F7060067EB05 /* CategoriesViewController.swift */,
				276B76632B97098E0067EB05 /* AddCategoryViewController.swift */,
				276B765D2B95F8550067EB05 /* CategoryNotFoundedView.swift */,
				276B765F2B95FAB20067EB05 /* CategoryCell.swift */,
			);
			path = Categories;
			sourceTree = "<group>";
		};
		276D6DBF2B63AF64007806B7 /* UI */ = {
			isa = PBXGroup;
			children = (
				271F16372B91FB9500AB3645 /* Onboarding */,
				27AA2B1C2B0F97D70073F156 /* TabBar */,
				2791E1312B121C030045E6C2 /* Tracker */,
				276B765A2B95F6E60067EB05 /* Categories */,
				2702DC172B14B22900F1491D /* Statistics */,
			);
			path = UI;
			sourceTree = "<group>";
		};
		2791E1312B121C030045E6C2 /* Tracker */ = {
			isa = PBXGroup;
			children = (
				2702DC152B14B19500F1491D /* Model */,
				270A9CEB2B22F48B00C0D572 /* ChooseTracker */,
				275758E92B301F1600718728 /* Habit */,
				275EEB3B2B308C1700FC3409 /* IrregularEvent */,
				270A9CEC2B22F4F000C0D572 /* Schedule */,
				2702DC162B14B1A600F1491D /* View */,
			);
			path = Tracker;
			sourceTree = "<group>";
		};
		27A9BDEE2B5A9B5E00F3BDAA /* Resources */ = {
			isa = PBXGroup;
			children = (
				27AA2B0F2B0F8D7C0073F156 /* Assets.xcassets */,
				27AA2B112B0F8D7C0073F156 /* LaunchScreen.storyboard */,
				27A9BDEF2B5A9B7200F3BDAA /* AppColor.swift */,
			);
			path = Resources;
			sourceTree = "<group>";
		};
		27AA2AFA2B0F8D7A0073F156 = {
			isa = PBXGroup;
			children = (
				27AA2B052B0F8D7A0073F156 /* Tracker */,
				27AA2B042B0F8D7A0073F156 /* Products */,
			);
			sourceTree = "<group>";
		};
		27AA2B042B0F8D7A0073F156 /* Products */ = {
			isa = PBXGroup;
			children = (
				27AA2B032B0F8D7A0073F156 /* Tracker.app */,
			);
			name = Products;
			sourceTree = "<group>";
		};
		27AA2B052B0F8D7A0073F156 /* Tracker */ = {
			isa = PBXGroup;
			children = (
				27097B092B88A9F600064E89 /* Domain */,
				27097B052B88A4E300064E89 /* CoreData */,
				276D6DBF2B63AF64007806B7 /* UI */,
				27A9BDEE2B5A9B5E00F3BDAA /* Resources */,
				27AA2B1D2B0F97E50073F156 /* App */,
				27AA2B142B0F8D7C0073F156 /* Info.plist */,
			);
			path = Tracker;
			sourceTree = "<group>";
		};
		27AA2B1C2B0F97D70073F156 /* TabBar */ = {
			isa = PBXGroup;
			children = (
				27AA2B1E2B0F97FD0073F156 /* TabItem.swift */,
				27AA2B1A2B0F97D20073F156 /* MainTabBarViewController.swift */,
			);
			path = TabBar;
			sourceTree = "<group>";
		};
		27AA2B1D2B0F97E50073F156 /* App */ = {
			isa = PBXGroup;
			children = (
				27AA2B062B0F8D7A0073F156 /* AppDelegate.swift */,
				27AA2B082B0F8D7A0073F156 /* SceneDelegate.swift */,
			);
			path = App;
			sourceTree = "<group>";
		};
/* End PBXGroup section */

/* Begin PBXNativeTarget section */
		27AA2B022B0F8D7A0073F156 /* Tracker */ = {
			isa = PBXNativeTarget;
			buildConfigurationList = 27AA2B172B0F8D7C0073F156 /* Build configuration list for PBXNativeTarget "Tracker" */;
			buildPhases = (
				27AA2AFF2B0F8D7A0073F156 /* Sources */,
				27AA2B002B0F8D7A0073F156 /* Frameworks */,
				27AA2B012B0F8D7A0073F156 /* Resources */,
			);
			buildRules = (
			);
			dependencies = (
			);
			name = Tracker;
			packageProductDependencies = (
				27AA2B262B10C9F70073F156 /* SnapKit */,
				27AA2B282B10C9F70073F156 /* SnapKit-Dynamic */,
			);
			productName = Tracker;
			productReference = 27AA2B032B0F8D7A0073F156 /* Tracker.app */;
			productType = "com.apple.product-type.application";
		};
/* End PBXNativeTarget section */

/* Begin PBXProject section */
		27AA2AFB2B0F8D7A0073F156 /* Project object */ = {
			isa = PBXProject;
			attributes = {
				BuildIndependentTargetsInParallel = 1;
				LastSwiftUpdateCheck = 1500;
				LastUpgradeCheck = 1500;
				TargetAttributes = {
					27AA2B022B0F8D7A0073F156 = {
						CreatedOnToolsVersion = 15.0.1;
					};
				};
			};
			buildConfigurationList = 27AA2AFE2B0F8D7A0073F156 /* Build configuration list for PBXProject "Tracker" */;
			compatibilityVersion = "Xcode 14.0";
			developmentRegion = en;
			hasScannedForEncodings = 0;
			knownRegions = (
				en,
				Base,
			);
			mainGroup = 27AA2AFA2B0F8D7A0073F156;
			packageReferences = (
				27AA2B252B10C9F70073F156 /* XCRemoteSwiftPackageReference "SnapKit" */,
			);
			productRefGroup = 27AA2B042B0F8D7A0073F156 /* Products */;
			projectDirPath = "";
			projectRoot = "";
			targets = (
				27AA2B022B0F8D7A0073F156 /* Tracker */,
			);
		};
/* End PBXProject section */

/* Begin PBXResourcesBuildPhase section */
		27AA2B012B0F8D7A0073F156 /* Resources */ = {
			isa = PBXResourcesBuildPhase;
			buildActionMask = 2147483647;
			files = (
				27AA2B132B0F8D7C0073F156 /* LaunchScreen.storyboard in Resources */,
				27AA2B102B0F8D7C0073F156 /* Assets.xcassets in Resources */,
			);
			runOnlyForDeploymentPostprocessing = 0;
		};
/* End PBXResourcesBuildPhase section */

/* Begin PBXSourcesBuildPhase section */
		27AA2AFF2B0F8D7A0073F156 /* Sources */ = {
			isa = PBXSourcesBuildPhase;
			buildActionMask = 2147483647;
			files = (
				2720D2302B4EFCA400C2A0C9 /* TrackerNotFoundedView.swift in Sources */,
				27AA2B212B0F99EE0073F156 /* StatisticsViewController.swift in Sources */,
				27C58C4C2B594BB100AE2380 /* EmojiHeader.swift in Sources */,
				276B76642B97098E0067EB05 /* AddCategoryViewController.swift in Sources */,
				27AA2B0B2B0F8D7A0073F156 /* TrackersViewController.swift in Sources */,
				27A9BDED2B5A5EF300F3BDAA /* ColorHeader.swift in Sources */,
				27C07F1F2B13879600FBFBEC /* TrackersCell.swift in Sources */,
				275758E82B301EAA00718728 /* CreateHabitViewController.swift in Sources */,
				270A9CE92B22F3ED00C0D572 /* ScheduleCell.swift in Sources */,
				27097B0F2B88AA2800064E89 /* TrackerRecordStore.swift in Sources */,
				27936A3A2B120B0600514242 /* TrackerCategory.swift in Sources */,
				27097B112B89EE1C00064E89 /* UIColorMarshalling.swift in Sources */,
				27A24ED32B1B946500657C78 /* ChooseTrackerViewController.swift in Sources */,
				276B76592B95EC1C0067EB05 /* OnboardingViewController.swift in Sources */,
				27A9BDEB2B5A5E9E00F3BDAA /* ColorCell.swift in Sources */,
				27097B0B2B88AA0F00064E89 /* TrackerStore.swift in Sources */,
				275758E72B301EAA00718728 /* CreateHabitCell.swift in Sources */,
				27A24ED72B1B9E0700657C78 /* IrregularEventViewController.swift in Sources */,
				27AA2B1B2B0F97D20073F156 /* MainTabBarViewController.swift in Sources */,
				27097B082B88A4FA00064E89 /* TrackerModel.xcdatamodeld in Sources */,
				270A9CE72B22EE2C00C0D572 /* ScheduleViewController.swift in Sources */,
				27AA2B072B0F8D7A0073F156 /* AppDelegate.swift in Sources */,
				27A9BDF02B5A9B7200F3BDAA /* AppColor.swift in Sources */,
				276B765E2B95F8550067EB05 /* CategoryNotFoundedView.swift in Sources */,
				27827DE12B14E891002741CC /* TrackerHeaderView.swift in Sources */,
				276B76602B95FAB20067EB05 /* CategoryCell.swift in Sources */,
				276B765C2B95F7060067EB05 /* CategoriesViewController.swift in Sources */,
				27097B0D2B88AA1D00064E89 /* TrackerCategoryStore.swift in Sources */,
				271F16392B91FC6600AB3645 /* OnboardingPageViewController.swift in Sources */,
				27936A3C2B120B2900514242 /* TrackerRecord.swift in Sources */,
				27C58C482B5923C200AE2380 /* EmojiCell.swift in Sources */,
				27E97A322B4D40C00086A42D /* DataManager.swift in Sources */,
				27AA2B1F2B0F97FD0073F156 /* TabItem.swift in Sources */,
				2702DC142B14AFA900F1491D /* TrackersEmptyView.swift in Sources */,
				27AA2B092B0F8D7A0073F156 /* SceneDelegate.swift in Sources */,
				276B76622B96EE6E0067EB05 /* CategoriesViewModel.swift in Sources */,
				27936A382B120AEA00514242 /* Tracker.swift in Sources */,
			);
			runOnlyForDeploymentPostprocessing = 0;
		};
/* End PBXSourcesBuildPhase section */

/* Begin PBXVariantGroup section */
		27AA2B112B0F8D7C0073F156 /* LaunchScreen.storyboard */ = {
			isa = PBXVariantGroup;
			children = (
				27AA2B122B0F8D7C0073F156 /* Base */,
			);
			name = LaunchScreen.storyboard;
			sourceTree = "<group>";
		};
/* End PBXVariantGroup section */

/* Begin XCBuildConfiguration section */
		27AA2B152B0F8D7C0073F156 /* Debug */ = {
			isa = XCBuildConfiguration;
			buildSettings = {
				ALWAYS_SEARCH_USER_PATHS = NO;
				ASSETCATALOG_COMPILER_GENERATE_SWIFT_ASSET_SYMBOL_EXTENSIONS = YES;
				CLANG_ANALYZER_NONNULL = YES;
				CLANG_ANALYZER_NUMBER_OBJECT_CONVERSION = YES_AGGRESSIVE;
				CLANG_CXX_LANGUAGE_STANDARD = "gnu++20";
				CLANG_ENABLE_MODULES = YES;
				CLANG_ENABLE_OBJC_ARC = YES;
				CLANG_ENABLE_OBJC_WEAK = YES;
				CLANG_WARN_BLOCK_CAPTURE_AUTORELEASING = YES;
				CLANG_WARN_BOOL_CONVERSION = YES;
				CLANG_WARN_COMMA = YES;
				CLANG_WARN_CONSTANT_CONVERSION = YES;
				CLANG_WARN_DEPRECATED_OBJC_IMPLEMENTATIONS = YES;
				CLANG_WARN_DIRECT_OBJC_ISA_USAGE = YES_ERROR;
				CLANG_WARN_DOCUMENTATION_COMMENTS = YES;
				CLANG_WARN_EMPTY_BODY = YES;
				CLANG_WARN_ENUM_CONVERSION = YES;
				CLANG_WARN_INFINITE_RECURSION = YES;
				CLANG_WARN_INT_CONVERSION = YES;
				CLANG_WARN_NON_LITERAL_NULL_CONVERSION = YES;
				CLANG_WARN_OBJC_IMPLICIT_RETAIN_SELF = YES;
				CLANG_WARN_OBJC_LITERAL_CONVERSION = YES;
				CLANG_WARN_OBJC_ROOT_CLASS = YES_ERROR;
				CLANG_WARN_QUOTED_INCLUDE_IN_FRAMEWORK_HEADER = YES;
				CLANG_WARN_RANGE_LOOP_ANALYSIS = YES;
				CLANG_WARN_STRICT_PROTOTYPES = YES;
				CLANG_WARN_SUSPICIOUS_MOVE = YES;
				CLANG_WARN_UNGUARDED_AVAILABILITY = YES_AGGRESSIVE;
				CLANG_WARN_UNREACHABLE_CODE = YES;
				CLANG_WARN__DUPLICATE_METHOD_MATCH = YES;
				COPY_PHASE_STRIP = NO;
				DEBUG_INFORMATION_FORMAT = dwarf;
				ENABLE_STRICT_OBJC_MSGSEND = YES;
				ENABLE_TESTABILITY = YES;
				ENABLE_USER_SCRIPT_SANDBOXING = YES;
				GCC_C_LANGUAGE_STANDARD = gnu17;
				GCC_DYNAMIC_NO_PIC = NO;
				GCC_NO_COMMON_BLOCKS = YES;
				GCC_OPTIMIZATION_LEVEL = 0;
				GCC_PREPROCESSOR_DEFINITIONS = (
					"DEBUG=1",
					"$(inherited)",
				);
				GCC_WARN_64_TO_32_BIT_CONVERSION = YES;
				GCC_WARN_ABOUT_RETURN_TYPE = YES_ERROR;
				GCC_WARN_UNDECLARED_SELECTOR = YES;
				GCC_WARN_UNINITIALIZED_AUTOS = YES_AGGRESSIVE;
				GCC_WARN_UNUSED_FUNCTION = YES;
				GCC_WARN_UNUSED_VARIABLE = YES;
				IPHONEOS_DEPLOYMENT_TARGET = 17.0;
				LOCALIZATION_PREFERS_STRING_CATALOGS = YES;
				MTL_ENABLE_DEBUG_INFO = INCLUDE_SOURCE;
				MTL_FAST_MATH = YES;
				ONLY_ACTIVE_ARCH = YES;
				SDKROOT = iphoneos;
				SWIFT_ACTIVE_COMPILATION_CONDITIONS = "DEBUG $(inherited)";
				SWIFT_OPTIMIZATION_LEVEL = "-Onone";
			};
			name = Debug;
		};
		27AA2B162B0F8D7C0073F156 /* Release */ = {
			isa = XCBuildConfiguration;
			buildSettings = {
				ALWAYS_SEARCH_USER_PATHS = NO;
				ASSETCATALOG_COMPILER_GENERATE_SWIFT_ASSET_SYMBOL_EXTENSIONS = YES;
				CLANG_ANALYZER_NONNULL = YES;
				CLANG_ANALYZER_NUMBER_OBJECT_CONVERSION = YES_AGGRESSIVE;
				CLANG_CXX_LANGUAGE_STANDARD = "gnu++20";
				CLANG_ENABLE_MODULES = YES;
				CLANG_ENABLE_OBJC_ARC = YES;
				CLANG_ENABLE_OBJC_WEAK = YES;
				CLANG_WARN_BLOCK_CAPTURE_AUTORELEASING = YES;
				CLANG_WARN_BOOL_CONVERSION = YES;
				CLANG_WARN_COMMA = YES;
				CLANG_WARN_CONSTANT_CONVERSION = YES;
				CLANG_WARN_DEPRECATED_OBJC_IMPLEMENTATIONS = YES;
				CLANG_WARN_DIRECT_OBJC_ISA_USAGE = YES_ERROR;
				CLANG_WARN_DOCUMENTATION_COMMENTS = YES;
				CLANG_WARN_EMPTY_BODY = YES;
				CLANG_WARN_ENUM_CONVERSION = YES;
				CLANG_WARN_INFINITE_RECURSION = YES;
				CLANG_WARN_INT_CONVERSION = YES;
				CLANG_WARN_NON_LITERAL_NULL_CONVERSION = YES;
				CLANG_WARN_OBJC_IMPLICIT_RETAIN_SELF = YES;
				CLANG_WARN_OBJC_LITERAL_CONVERSION = YES;
				CLANG_WARN_OBJC_ROOT_CLASS = YES_ERROR;
				CLANG_WARN_QUOTED_INCLUDE_IN_FRAMEWORK_HEADER = YES;
				CLANG_WARN_RANGE_LOOP_ANALYSIS = YES;
				CLANG_WARN_STRICT_PROTOTYPES = YES;
				CLANG_WARN_SUSPICIOUS_MOVE = YES;
				CLANG_WARN_UNGUARDED_AVAILABILITY = YES_AGGRESSIVE;
				CLANG_WARN_UNREACHABLE_CODE = YES;
				CLANG_WARN__DUPLICATE_METHOD_MATCH = YES;
				COPY_PHASE_STRIP = NO;
				DEBUG_INFORMATION_FORMAT = "dwarf-with-dsym";
				ENABLE_NS_ASSERTIONS = NO;
				ENABLE_STRICT_OBJC_MSGSEND = YES;
				ENABLE_USER_SCRIPT_SANDBOXING = YES;
				GCC_C_LANGUAGE_STANDARD = gnu17;
				GCC_NO_COMMON_BLOCKS = YES;
				GCC_WARN_64_TO_32_BIT_CONVERSION = YES;
				GCC_WARN_ABOUT_RETURN_TYPE = YES_ERROR;
				GCC_WARN_UNDECLARED_SELECTOR = YES;
				GCC_WARN_UNINITIALIZED_AUTOS = YES_AGGRESSIVE;
				GCC_WARN_UNUSED_FUNCTION = YES;
				GCC_WARN_UNUSED_VARIABLE = YES;
				IPHONEOS_DEPLOYMENT_TARGET = 17.0;
				LOCALIZATION_PREFERS_STRING_CATALOGS = YES;
				MTL_ENABLE_DEBUG_INFO = NO;
				MTL_FAST_MATH = YES;
				SDKROOT = iphoneos;
				SWIFT_COMPILATION_MODE = wholemodule;
				VALIDATE_PRODUCT = YES;
			};
			name = Release;
		};
		27AA2B182B0F8D7C0073F156 /* Debug */ = {
			isa = XCBuildConfiguration;
			buildSettings = {
				ASSETCATALOG_COMPILER_APPICON_NAME = AppIcon;
				ASSETCATALOG_COMPILER_GLOBAL_ACCENT_COLOR_NAME = AccentColor;
				CODE_SIGN_STYLE = Automatic;
				CURRENT_PROJECT_VERSION = 1;
				DEVELOPMENT_TEAM = 2YW3Q5CP4C;
				GENERATE_INFOPLIST_FILE = YES;
				INFOPLIST_FILE = Tracker/Info.plist;
				INFOPLIST_KEY_UIApplicationSupportsIndirectInputEvents = YES;
				INFOPLIST_KEY_UILaunchStoryboardName = LaunchScreen;
				INFOPLIST_KEY_UISupportedInterfaceOrientations = UIInterfaceOrientationPortrait;
				IPHONEOS_DEPLOYMENT_TARGET = 13.4;
				LD_RUNPATH_SEARCH_PATHS = (
					"$(inherited)",
					"@executable_path/Frameworks",
				);
				MARKETING_VERSION = 1.0;
				PRODUCT_BUNDLE_IDENTIFIER = ospanovadinara.Tracker;
				PRODUCT_NAME = "$(TARGET_NAME)";
				SWIFT_EMIT_LOC_STRINGS = YES;
				SWIFT_VERSION = 5.0;
				TARGETED_DEVICE_FAMILY = "1,2";
			};
			name = Debug;
		};
		27AA2B192B0F8D7C0073F156 /* Release */ = {
			isa = XCBuildConfiguration;
			buildSettings = {
				ASSETCATALOG_COMPILER_APPICON_NAME = AppIcon;
				ASSETCATALOG_COMPILER_GLOBAL_ACCENT_COLOR_NAME = AccentColor;
				CODE_SIGN_STYLE = Automatic;
				CURRENT_PROJECT_VERSION = 1;
				DEVELOPMENT_TEAM = 2YW3Q5CP4C;
				GENERATE_INFOPLIST_FILE = YES;
				INFOPLIST_FILE = Tracker/Info.plist;
				INFOPLIST_KEY_UIApplicationSupportsIndirectInputEvents = YES;
				INFOPLIST_KEY_UILaunchStoryboardName = LaunchScreen;
				INFOPLIST_KEY_UISupportedInterfaceOrientations = UIInterfaceOrientationPortrait;
				IPHONEOS_DEPLOYMENT_TARGET = 13.4;
				LD_RUNPATH_SEARCH_PATHS = (
					"$(inherited)",
					"@executable_path/Frameworks",
				);
				MARKETING_VERSION = 1.0;
				PRODUCT_BUNDLE_IDENTIFIER = ospanovadinara.Tracker;
				PRODUCT_NAME = "$(TARGET_NAME)";
				SWIFT_EMIT_LOC_STRINGS = YES;
				SWIFT_VERSION = 5.0;
				TARGETED_DEVICE_FAMILY = "1,2";
			};
			name = Release;
		};
/* End XCBuildConfiguration section */

/* Begin XCConfigurationList section */
		27AA2AFE2B0F8D7A0073F156 /* Build configuration list for PBXProject "Tracker" */ = {
			isa = XCConfigurationList;
			buildConfigurations = (
				27AA2B152B0F8D7C0073F156 /* Debug */,
				27AA2B162B0F8D7C0073F156 /* Release */,
			);
			defaultConfigurationIsVisible = 0;
			defaultConfigurationName = Release;
		};
		27AA2B172B0F8D7C0073F156 /* Build configuration list for PBXNativeTarget "Tracker" */ = {
			isa = XCConfigurationList;
			buildConfigurations = (
				27AA2B182B0F8D7C0073F156 /* Debug */,
				27AA2B192B0F8D7C0073F156 /* Release */,
			);
			defaultConfigurationIsVisible = 0;
			defaultConfigurationName = Release;
		};
/* End XCConfigurationList section */

/* Begin XCRemoteSwiftPackageReference section */
		27AA2B252B10C9F70073F156 /* XCRemoteSwiftPackageReference "SnapKit" */ = {
			isa = XCRemoteSwiftPackageReference;
			repositoryURL = "https://github.com/SnapKit/SnapKit.git";
			requirement = {
				kind = upToNextMajorVersion;
				minimumVersion = 5.6.0;
			};
		};
/* End XCRemoteSwiftPackageReference section */

/* Begin XCSwiftPackageProductDependency section */
		27AA2B262B10C9F70073F156 /* SnapKit */ = {
			isa = XCSwiftPackageProductDependency;
			package = 27AA2B252B10C9F70073F156 /* XCRemoteSwiftPackageReference "SnapKit" */;
			productName = SnapKit;
		};
		27AA2B282B10C9F70073F156 /* SnapKit-Dynamic */ = {
			isa = XCSwiftPackageProductDependency;
			package = 27AA2B252B10C9F70073F156 /* XCRemoteSwiftPackageReference "SnapKit" */;
			productName = "SnapKit-Dynamic";
		};
/* End XCSwiftPackageProductDependency section */

/* Begin XCVersionGroup section */
		27097B062B88A4FA00064E89 /* TrackerModel.xcdatamodeld */ = {
			isa = XCVersionGroup;
			children = (
				27097B072B88A4FA00064E89 /* TrackerModel.xcdatamodel */,
			);
			currentVersion = 27097B072B88A4FA00064E89 /* TrackerModel.xcdatamodel */;
			path = TrackerModel.xcdatamodeld;
			sourceTree = "<group>";
			versionGroupType = wrapper.xcdatamodel;
		};
/* End XCVersionGroup section */
	};
	rootObject = 27AA2AFB2B0F8D7A0073F156 /* Project object */;
}
